
Microsoft Visual Studio Solution File, Format Version 12.00
Project("{FAE04EC0-301F-11D3-BF4B-00C04F79EFBC}") = "CloudFileSystem.ConsoleApp", "CloudFileSystem.ConsoleApp\CloudFileSystem.ConsoleApp.csproj", "{18E07C29-8FE6-4426-A0AE-5D6FC8FA1963}"
EndProject
Project("{FAE04EC0-301F-11D3-BF4B-00C04F79EFBC}") = "CloudFileSystem.Tests", "CloudFileSystem.Tests\CloudFileSystem.Tests.csproj", "{2842170A-4080-496E-A1F0-F0891D104EC5}"
EndProject
Global
	GlobalSection(SolutionConfigurationPlatforms) = preSolution
		Debug|Any CPU = Debug|Any CPU
		Debug|x64 = Debug|x64
		Debug|x86 = Debug|x86
		Release|Any CPU = Release|Any CPU
		Release|x64 = Release|x64
		Release|x86 = Release|x86
	EndGlobalSection
	GlobalSection(ProjectConfigurationPlatforms) = postSolution
		{18E07C29-8FE6-4426-A0AE-5D6FC8FA1963}.Debug|Any CPU.ActiveCfg = Debug|Any CPU
		{18E07C29-8FE6-4426-A0AE-5D6FC8FA1963}.Debug|Any CPU.Build.0 = Debug|Any CPU
		{18E07C29-8FE6-4426-A0AE-5D6FC8FA1963}.Debug|x64.ActiveCfg = Debug|Any CPU
		{18E07C29-8FE6-4426-A0AE-5D6FC8FA1963}.Debug|x64.Build.0 = Debug|Any CPU
		{18E07C29-8FE6-4426-A0AE-5D6FC8FA1963}.Debug|x86.ActiveCfg = Debug|Any CPU
		{18E07C29-8FE6-4426-A0AE-5D6FC8FA1963}.Debug|x86.Build.0 = Debug|Any CPU
		{18E07C29-8FE6-4426-A0AE-5D6FC8FA1963}.Release|Any CPU.ActiveCfg = Release|Any CPU
		{18E07C29-8FE6-4426-A0AE-5D6FC8FA1963}.Release|Any CPU.Build.0 = Release|Any CPU
		{18E07C29-8FE6-4426-A0AE-5D6FC8FA1963}.Release|x64.ActiveCfg = Release|Any CPU
		{18E07C29-8FE6-4426-A0AE-5D6FC8FA1963}.Release|x64.Build.0 = Release|Any CPU
		{18E07C29-8FE6-4426-A0AE-5D6FC8FA1963}.Release|x86.ActiveCfg = Release|Any CPU
		{18E07C29-8FE6-4426-A0AE-5D6FC8FA1963}.Release|x86.Build.0 = Release|Any CPU
		{2842170A-4080-496E-A1F0-F0891D104EC5}.Debug|Any CPU.ActiveCfg = Debug|Any CPU
		{2842170A-4080-496E-A1F0-F0891D104EC5}.Debug|Any CPU.Build.0 = Debug|Any CPU
		{2842170A-4080-496E-A1F0-F0891D104EC5}.Debug|x64.ActiveCfg = Debug|Any CPU
		{2842170A-4080-496E-A1F0-F0891D104EC5}.Debug|x64.Build.0 = Debug|Any CPU
		{2842170A-4080-496E-A1F0-F0891D104EC5}.Debug|x86.ActiveCfg = Debug|Any CPU
		{2842170A-4080-496E-A1F0-F0891D104EC5}.Debug|x86.Build.0 = Debug|Any CPU
		{2842170A-4080-496E-A1F0-F0891D104EC5}.Release|Any CPU.ActiveCfg = Release|Any CPU
		{2842170A-4080-496E-A1F0-F0891D104EC5}.Release|Any CPU.Build.0 = Release|Any CPU
		{2842170A-4080-496E-A1F0-F0891D104EC5}.Release|x64.ActiveCfg = Release|Any CPU
		{2842170A-4080-496E-A1F0-F0891D104EC5}.Release|x64.Build.0 = Release|Any CPU
		{2842170A-4080-496E-A1F0-F0891D104EC5}.Release|x86.ActiveCfg = Release|Any CPU
		{2842170A-4080-496E-A1F0-F0891D104EC5}.Release|x86.Build.0 = Release|Any CPU
	EndGlobalSection
	GlobalSection(SolutionProperties) = preSolution
		HideSolutionNode = FALSE
	EndGlobalSection
EndGlobal
